<?xml version="1.0" encoding="utf-8"?>
<Project ToolsVersion="4.0" xmlns="http://schemas.microsoft.com/developer/msbuild/2003">
  <ItemGroup>
    <Filter Include="Source Files">
      <UniqueIdentifier>{4FC737F1-C7A5-4376-A066-2A32D752A2FF}</UniqueIdentifier>
      <Extensions>cpp;c;cc;cxx;def;odl;idl;hpj;bat;asm;asmx</Extensions>
    </Filter>
    <Filter Include="Header Files">
      <UniqueIdentifier>{93995380-89BD-4b04-88EB-625FBE52EBFB}</UniqueIdentifier>
      <Extensions>h;hpp;hxx;hm;inl;inc;xsd</Extensions>
    </Filter>
    <Filter Include="Resource Files">
      <UniqueIdentifier>{67DA6AB6-F800-4c08-8B7A-83BB121AAD01}</UniqueIdentifier>
      <Extensions>rc;ico;cur;bmp;dlg;rc2;rct;bin;rgs;gif;jpg;jpeg;jpe;resx;tiff;tif;png;wav;mfcribbon-ms</Extensions>
    </Filter>
  </ItemGroup>
  <ItemGroup>
    <None Include="RetroCadeLite_Sketch.ino" />
  </ItemGroup>
  <ItemGroup>
    <ClInclude Include="Visual Micro\.RetroCadeLite_Sketch.vsarduino.h">
      <Filter>Header Files</Filter>
    </ClInclude>
    <ClInclude Include="MIDI.h">
      <Filter>Header Files</Filter>
    </ClInclude>
    <ClInclude Include="Patch.h">
      <Filter>Header Files</Filter>
    </ClInclude>
    <ClInclude Include="QueueArray.h">
      <Filter>Header Files</Filter>
    </ClInclude>
    <ClInclude Include="QueueList.h">
      <Filter>Header Files</Filter>
    </ClInclude>
    <ClInclude Include="RetroCade.h">
      <Filter>Header Files</Filter>
    </ClInclude>
    <ClInclude Include="RetroCadeMidi.h">
      <Filter>Header Files</Filter>
    </ClInclude>
    <ClInclude Include="SID.h">
      <Filter>Header Files</Filter>
    </ClInclude>
    <ClInclude Include="Voice.h">
      <Filter>Header Files</Filter>
    </ClInclude>
    <ClInclude Include="YM2149.h">
      <Filter>Header Files</Filter>
    </ClInclude>
    <ClInclude Include="binary.h">
      <Filter>Header Files</Filter>
    </ClInclude>
    <ClInclude Include="cbuffer.h">
      <Filter>Header Files</Filter>
    </ClInclude>
    <ClInclude Include="instruments.h">
      <Filter>Header Files</Filter>
    </ClInclude>
    <ClInclude Include="modplayer.h">
      <Filter>Header Files</Filter>
    </ClInclude>
    <ClInclude Include="ptplay.h">
      <Filter>Header Files</Filter>
    </ClInclude>
    <ClInclude Include="ramFS.h">
      <Filter>Header Files</Filter>
    </ClInclude>
    <ClInclude Include="retrocade_defs.h">
      <Filter>Header Files</Filter>
    </ClInclude>
    <ClInclude Include="spaceinvaders.h">
      <Filter>Header Files</Filter>
    </ClInclude>
    <ClInclude Include="ymplayer.h">
      <Filter>Header Files</Filter>
    </ClInclude>
    <ClInclude Include="RetroCadeLite.h">
      <Filter>Source Files</Filter>
    </ClInclude>
  </ItemGroup>
  <ItemGroup>
    <ClCompile Include="MIDI.cpp">
      <Filter>Source Files</Filter>
    </ClCompile>
    <ClCompile Include="Patch.cpp">
      <Filter>Source Files</Filter>
    </ClCompile>
    <ClCompile Include="RetroCade.cpp">
      <Filter>Source Files</Filter>
    </ClCompile>
    <ClCompile Include="YM2149.cpp">
      <Filter>Source Files</Filter>
    </ClCompile>
    <ClCompile Include="modplayer.cpp">
      <Filter>Source Files</Filter>
    </ClCompile>
    <ClCompile Include="ptplay.cpp">
      <Filter>Source Files</Filter>
    </ClCompile>
    <ClCompile Include="ramFS.cpp">
      <Filter>Source Files</Filter>
    </ClCompile>
    <ClCompile Include="sid.cpp">
      <Filter>Source Files</Filter>
    </ClCompile>
    <ClCompile Include="ymplayer.cpp">
      <Filter>Source Files</Filter>
    </ClCompile>
    <ClCompile Include="Voice.cpp">
      <Filter>Source Files</Filter>
    </ClCompile>
  </ItemGroup>
</Project>